
Microsoft Visual Studio Solution File, Format Version 12.00
# Visual Studio 14
VisualStudioVersion = 14.0.23107.0
MinimumVisualStudioVersion = 10.0.40219.1
Project("{FAE04EC0-301F-11D3-BF4B-00C04F79EFBC}") = "ContentReview", "ContentReview\ContentReview.csproj", "{1977C1E7-4468-4C39-819C-9BFBB7A0067F}"
EndProject
Project("{FAE04EC0-301F-11D3-BF4B-00C04F79EFBC}") = "tooorangey.ContentReview", "tooorangey.ContentReview\tooorangey.ContentReview.csproj", "{2BC8DA7E-CCEA-4691-AD6B-0A365684D268}"
EndProject
Global
	GlobalSection(SolutionConfigurationPlatforms) = preSolution
		Debug|Any CPU = Debug|Any CPU
		Release|Any CPU = Release|Any CPU
	EndGlobalSection
	GlobalSection(ProjectConfigurationPlatforms) = postSolution
		{1977C1E7-4468-4C39-819C-9BFBB7A0067F}.Debug|Any CPU.ActiveCfg = Debug|Any CPU
		{1977C1E7-4468-4C39-819C-9BFBB7A0067F}.Debug|Any CPU.Build.0 = Debug|Any CPU
		{1977C1E7-4468-4C39-819C-9BFBB7A0067F}.Release|Any CPU.ActiveCfg = Release|Any CPU
		{1977C1E7-4468-4C39-819C-9BFBB7A0067F}.Release|Any CPU.Build.0 = Release|Any CPU
		{2BC8DA7E-CCEA-4691-AD6B-0A365684D268}.Debug|Any CPU.ActiveCfg = Debug|Any CPU
		{2BC8DA7E-CCEA-4691-AD6B-0A365684D268}.Debug|Any CPU.Build.0 = Debug|Any CPU
		{2BC8DA7E-CCEA-4691-AD6B-0A365684D268}.Release|Any CPU.ActiveCfg = Release|Any CPU
		{2BC8DA7E-CCEA-4691-AD6B-0A365684D268}.Release|Any CPU.Build.0 = Release|Any CPU
	EndGlobalSection
	GlobalSection(SolutionProperties) = preSolution
		HideSolutionNode = FALSE
	EndGlobalSection
EndGlobal
